
Microsoft Visual Studio Solution File, Format Version 12.00
# Visual Studio Version 17
VisualStudioVersion = 17.9.34728.123
MinimumVisualStudioVersion = 10.0.40219.1
Project("{9A19103F-16F7-4668-BE54-9A1E7A4F7556}") = "FakelToOzon", "FakelToOzon\FakelToOzon.csproj", "{DFC10A50-C301-4F25-B6B6-AB3C4E20909A}"
EndProject
Global
	GlobalSection(SolutionConfigurationPlatforms) = preSolution
		Debug|Any CPU = Debug|Any CPU
		Release|Any CPU = Release|Any CPU
	EndGlobalSection
	GlobalSection(ProjectConfigurationPlatforms) = postSolution
		{DFC10A50-C301-4F25-B6B6-AB3C4E20909A}.Debug|Any CPU.ActiveCfg = Debug|Any CPU
		{DFC10A50-C301-4F25-B6B6-AB3C4E20909A}.Debug|Any CPU.Build.0 = Debug|Any CPU
		{DFC10A50-C301-4F25-B6B6-AB3C4E20909A}.Release|Any CPU.ActiveCfg = Debug|Any CPU
		{DFC10A50-C301-4F25-B6B6-AB3C4E20909A}.Release|Any CPU.Build.0 = Debug|Any CPU
	EndGlobalSection
	GlobalSection(SolutionProperties) = preSolution
		HideSolutionNode = FALSE
	EndGlobalSection
	GlobalSection(ExtensibilityGlobals) = postSolution
		SolutionGuid = {D17C0DCC-16A1-48C8-A8E7-5AC6B08BFE38}
	EndGlobalSection
EndGlobal
